// !$*UTF8*$!
{
	archiveVersion = 1;
	classes = {
	};
	objectVersion = 54;
	objects = {

/* Begin PBXBuildFile section */
		0C80B921A6F3F58F76C31292 /* libPods-Psalmfod.a in Frameworks */ = {isa = PBXBuildFile; fileRef = 5DCACB8F33CDC322A6C60F78 /* libPods-Psalmfod.a */; };
		0D10FD1EC56241A19775003F /* FKGroteskNeueTrial-Bold-BF6576818bd3700.otf in Resources */ = {isa = PBXBuildFile; fileRef = 08C4773D4BA84FC68E7E415D /* FKGroteskNeueTrial-Bold-BF6576818bd3700.otf */; };
		13B07FBF1A68108700A75B9A /* Images.xcassets in Resources */ = {isa = PBXBuildFile; fileRef = 13B07FB51A68108700A75B9A /* Images.xcassets */; };
		45E8A5E14CAF49DF906A2442 /* FKGroteskNeueTrial-Thin-BF6576818c2a14c.otf in Resources */ = {isa = PBXBuildFile; fileRef = 2CE715B902614483A7DE475F /* FKGroteskNeueTrial-Thin-BF6576818c2a14c.otf */; };
		48CA8F20560C4DFCB16DDB43 /* FKGroteskNeueTrial-Medium-BF6576818c3a00a.otf in Resources */ = {isa = PBXBuildFile; fileRef = 543DC6306C5B4C4DB5B93653 /* FKGroteskNeueTrial-Medium-BF6576818c3a00a.otf */; };
		5B27BA61A6B24A19B714794B /* FKGroteskNeueTrial-BlackItalic-BF6576818becb0d.otf in Resources */ = {isa = PBXBuildFile; fileRef = CFADA5A33A454B2B87B8F686 /* FKGroteskNeueTrial-BlackItalic-BF6576818becb0d.otf */; };
		761780ED2CA45674006654EE /* AppDelegate.swift in Sources */ = {isa = PBXBuildFile; fileRef = 761780EC2CA45674006654EE /* AppDelegate.swift */; };
		81AB9BB82411601600AC10FF /* LaunchScreen.storyboard in Resources */ = {isa = PBXBuildFile; fileRef = 81AB9BB72411601600AC10FF /* LaunchScreen.storyboard */; };
		8A9F72047B944714928A5CE9 /* FKGroteskNeueTrial-Light-BF6576818c0f3e8.otf in Resources */ = {isa = PBXBuildFile; fileRef = EB78FE2B640F49969BF88FF7 /* FKGroteskNeueTrial-Light-BF6576818c0f3e8.otf */; };
		8DCD273DF6044CE1BBC56279 /* FKGroteskNeueTrial-Black-BF6576818b4c472.otf in Resources */ = {isa = PBXBuildFile; fileRef = 314D9AACCA6B48229BD4C2F7 /* FKGroteskNeueTrial-Black-BF6576818b4c472.otf */; };
		9B7221A57300412482B116C2 /* FKGroteskNeueTrial-Italic-BF6576818c041e2.otf in Resources */ = {isa = PBXBuildFile; fileRef = 88482520FF774A27807E60EE /* FKGroteskNeueTrial-Italic-BF6576818c041e2.otf */; };
		B1B0A65BE2CB4EAABE9740A3 /* FKGroteskNeueTrial-LightItalic-BF6576818c3183c.otf in Resources */ = {isa = PBXBuildFile; fileRef = BBD209ABD48C4A65B7406BD7 /* FKGroteskNeueTrial-LightItalic-BF6576818c3183c.otf */; };
		BC221E492E20681B00AF4EC2 /* psalms logo.png in Resources */ = {isa = PBXBuildFile; fileRef = BC221E482E20681B00AF4EC2 /* psalms logo.png */; };
		BC221E502E20EB1600AF4EC2 /* psalmfod splash bg5.png in Resources */ = {isa = PBXBuildFile; fileRef = BC221E4F2E20EB1600AF4EC2 /* psalmfod splash bg5.png */; };
		D99259EDD01C487FBFB1D157 /* FKGroteskNeueTrial-MediumItalic-BF6576818c2aaf8.otf in Resources */ = {isa = PBXBuildFile; fileRef = 10610CE4A80F4266B13742A5 /* FKGroteskNeueTrial-MediumItalic-BF6576818c2aaf8.otf */; };
		E8B69C8AFD474F329493842E /* FKGroteskNeueTrial-ThinItalic-BF6576818c5cbd8.otf in Resources */ = {isa = PBXBuildFile; fileRef = E5116ACBCF214D4FB62FB0B5 /* FKGroteskNeueTrial-ThinItalic-BF6576818c5cbd8.otf */; };
		F92BE83F1A7B42C083EBAF2D /* FKGroteskNeueTrial-BoldItalic-BF6576818c39d11.otf in Resources */ = {isa = PBXBuildFile; fileRef = 42B08B1744754F888B8BFB7F /* FKGroteskNeueTrial-BoldItalic-BF6576818c39d11.otf */; };
		FB78082D5DBE405C465A337C /* PrivacyInfo.xcprivacy in Resources */ = {isa = PBXBuildFile; fileRef = 13B07FB81A68108700A75B9A /* PrivacyInfo.xcprivacy */; };
		FF7DEA12C4F94197AF6D809E /* FKGroteskNeueTrial-Regular-BF6576818c3af74.otf in Resources */ = {isa = PBXBuildFile; fileRef = DE7A53A4379B40DC8200A8AF /* FKGroteskNeueTrial-Regular-BF6576818c3af74.otf */; };
/* End PBXBuildFile section */

/* Begin PBXFileReference section */
		08C4773D4BA84FC68E7E415D /* FKGroteskNeueTrial-Bold-BF6576818bd3700.otf */ = {isa = PBXFileReference; explicitFileType = undefined; fileEncoding = undefined; includeInIndex = 0; lastKnownFileType = unknown; name = "FKGroteskNeueTrial-Bold-BF6576818bd3700.otf"; path = "../src/assets/fonts/FKGroteskNeueTrial-Bold-BF6576818bd3700.otf"; sourceTree = "<group>"; };
		10610CE4A80F4266B13742A5 /* FKGroteskNeueTrial-MediumItalic-BF6576818c2aaf8.otf */ = {isa = PBXFileReference; explicitFileType = undefined; fileEncoding = undefined; includeInIndex = 0; lastKnownFileType = unknown; name = "FKGroteskNeueTrial-MediumItalic-BF6576818c2aaf8.otf"; path = "../src/assets/fonts/FKGroteskNeueTrial-MediumItalic-BF6576818c2aaf8.otf"; sourceTree = "<group>"; };
		13B07F961A680F5B00A75B9A /* Psalmfod.app */ = {isa = PBXFileReference; explicitFileType = wrapper.application; includeInIndex = 0; path = Psalmfod.app; sourceTree = BUILT_PRODUCTS_DIR; };
		13B07FB51A68108700A75B9A /* Images.xcassets */ = {isa = PBXFileReference; lastKnownFileType = folder.assetcatalog; name = Images.xcassets; path = Psalmfod/Images.xcassets; sourceTree = "<group>"; };
		13B07FB61A68108700A75B9A /* Info.plist */ = {isa = PBXFileReference; fileEncoding = 4; lastKnownFileType = text.plist.xml; name = Info.plist; path = Psalmfod/Info.plist; sourceTree = "<group>"; };
		13B07FB81A68108700A75B9A /* PrivacyInfo.xcprivacy */ = {isa = PBXFileReference; fileEncoding = 4; lastKnownFileType = text.plist.xml; name = PrivacyInfo.xcprivacy; path = Psalmfod/PrivacyInfo.xcprivacy; sourceTree = "<group>"; };
		2CE715B902614483A7DE475F /* FKGroteskNeueTrial-Thin-BF6576818c2a14c.otf */ = {isa = PBXFileReference; explicitFileType = undefined; fileEncoding = undefined; includeInIndex = 0; lastKnownFileType = unknown; name = "FKGroteskNeueTrial-Thin-BF6576818c2a14c.otf"; path = "../src/assets/fonts/FKGroteskNeueTrial-Thin-BF6576818c2a14c.otf"; sourceTree = "<group>"; };
		314D9AACCA6B48229BD4C2F7 /* FKGroteskNeueTrial-Black-BF6576818b4c472.otf */ = {isa = PBXFileReference; explicitFileType = undefined; fileEncoding = undefined; includeInIndex = 0; lastKnownFileType = unknown; name = "FKGroteskNeueTrial-Black-BF6576818b4c472.otf"; path = "../src/assets/fonts/FKGroteskNeueTrial-Black-BF6576818b4c472.otf"; sourceTree = "<group>"; };
		3B4392A12AC88292D35C810B /* Pods-Psalmfod.debug.xcconfig */ = {isa = PBXFileReference; includeInIndex = 1; lastKnownFileType = text.xcconfig; name = "Pods-Psalmfod.debug.xcconfig"; path = "Target Support Files/Pods-Psalmfod/Pods-Psalmfod.debug.xcconfig"; sourceTree = "<group>"; };
		42B08B1744754F888B8BFB7F /* FKGroteskNeueTrial-BoldItalic-BF6576818c39d11.otf */ = {isa = PBXFileReference; explicitFileType = undefined; fileEncoding = undefined; includeInIndex = 0; lastKnownFileType = unknown; name = "FKGroteskNeueTrial-BoldItalic-BF6576818c39d11.otf"; path = "../src/assets/fonts/FKGroteskNeueTrial-BoldItalic-BF6576818c39d11.otf"; sourceTree = "<group>"; };
		543DC6306C5B4C4DB5B93653 /* FKGroteskNeueTrial-Medium-BF6576818c3a00a.otf */ = {isa = PBXFileReference; explicitFileType = undefined; fileEncoding = undefined; includeInIndex = 0; lastKnownFileType = unknown; name = "FKGroteskNeueTrial-Medium-BF6576818c3a00a.otf"; path = "../src/assets/fonts/FKGroteskNeueTrial-Medium-BF6576818c3a00a.otf"; sourceTree = "<group>"; };
		5709B34CF0A7D63546082F79 /* Pods-Psalmfod.release.xcconfig */ = {isa = PBXFileReference; includeInIndex = 1; lastKnownFileType = text.xcconfig; name = "Pods-Psalmfod.release.xcconfig"; path = "Target Support Files/Pods-Psalmfod/Pods-Psalmfod.release.xcconfig"; sourceTree = "<group>"; };
		5DCACB8F33CDC322A6C60F78 /* libPods-Psalmfod.a */ = {isa = PBXFileReference; explicitFileType = archive.ar; includeInIndex = 0; path = "libPods-Psalmfod.a"; sourceTree = BUILT_PRODUCTS_DIR; };
		761780EC2CA45674006654EE /* AppDelegate.swift */ = {isa = PBXFileReference; lastKnownFileType = sourcecode.swift; name = AppDelegate.swift; path = Psalmfod/AppDelegate.swift; sourceTree = "<group>"; };
		81AB9BB72411601600AC10FF /* LaunchScreen.storyboard */ = {isa = PBXFileReference; fileEncoding = 4; lastKnownFileType = file.storyboard; name = LaunchScreen.storyboard; path = Psalmfod/LaunchScreen.storyboard; sourceTree = "<group>"; };
		88482520FF774A27807E60EE /* FKGroteskNeueTrial-Italic-BF6576818c041e2.otf */ = {isa = PBXFileReference; explicitFileType = undefined; fileEncoding = undefined; includeInIndex = 0; lastKnownFileType = unknown; name = "FKGroteskNeueTrial-Italic-BF6576818c041e2.otf"; path = "../src/assets/fonts/FKGroteskNeueTrial-Italic-BF6576818c041e2.otf"; sourceTree = "<group>"; };
		BBD209ABD48C4A65B7406BD7 /* FKGroteskNeueTrial-LightItalic-BF6576818c3183c.otf */ = {isa = PBXFileReference; explicitFileType = undefined; fileEncoding = undefined; includeInIndex = 0; lastKnownFileType = unknown; name = "FKGroteskNeueTrial-LightItalic-BF6576818c3183c.otf"; path = "../src/assets/fonts/FKGroteskNeueTrial-LightItalic-BF6576818c3183c.otf"; sourceTree = "<group>"; };
		BC221E482E20681B00AF4EC2 /* psalms logo.png */ = {isa = PBXFileReference; lastKnownFileType = image.png; path = "psalms logo.png"; sourceTree = "<group>"; };
		BC221E4E2E206AA600AF4EC2 /* Psalmfod-Bridging-Header.h */ = {isa = PBXFileReference; lastKnownFileType = sourcecode.c.h; path = "Psalmfod-Bridging-Header.h"; sourceTree = "<group>"; };
		BC221E4F2E20EB1600AF4EC2 /* psalmfod splash bg5.png */ = {isa = PBXFileReference; lastKnownFileType = image.png; path = "psalmfod splash bg5.png"; sourceTree = "<group>"; };
		CFADA5A33A454B2B87B8F686 /* FKGroteskNeueTrial-BlackItalic-BF6576818becb0d.otf */ = {isa = PBXFileReference; explicitFileType = undefined; fileEncoding = undefined; includeInIndex = 0; lastKnownFileType = unknown; name = "FKGroteskNeueTrial-BlackItalic-BF6576818becb0d.otf"; path = "../src/assets/fonts/FKGroteskNeueTrial-BlackItalic-BF6576818becb0d.otf"; sourceTree = "<group>"; };
		DE7A53A4379B40DC8200A8AF /* FKGroteskNeueTrial-Regular-BF6576818c3af74.otf */ = {isa = PBXFileReference; explicitFileType = undefined; fileEncoding = undefined; includeInIndex = 0; lastKnownFileType = unknown; name = "FKGroteskNeueTrial-Regular-BF6576818c3af74.otf"; path = "../src/assets/fonts/FKGroteskNeueTrial-Regular-BF6576818c3af74.otf"; sourceTree = "<group>"; };
		E5116ACBCF214D4FB62FB0B5 /* FKGroteskNeueTrial-ThinItalic-BF6576818c5cbd8.otf */ = {isa = PBXFileReference; explicitFileType = undefined; fileEncoding = undefined; includeInIndex = 0; lastKnownFileType = unknown; name = "FKGroteskNeueTrial-ThinItalic-BF6576818c5cbd8.otf"; path = "../src/assets/fonts/FKGroteskNeueTrial-ThinItalic-BF6576818c5cbd8.otf"; sourceTree = "<group>"; };
		EB78FE2B640F49969BF88FF7 /* FKGroteskNeueTrial-Light-BF6576818c0f3e8.otf */ = {isa = PBXFileReference; explicitFileType = undefined; fileEncoding = undefined; includeInIndex = 0; lastKnownFileType = unknown; name = "FKGroteskNeueTrial-Light-BF6576818c0f3e8.otf"; path = "../src/assets/fonts/FKGroteskNeueTrial-Light-BF6576818c0f3e8.otf"; sourceTree = "<group>"; };
		ED297162215061F000B7C4FE /* JavaScriptCore.framework */ = {isa = PBXFileReference; lastKnownFileType = wrapper.framework; name = JavaScriptCore.framework; path = System/Library/Frameworks/JavaScriptCore.framework; sourceTree = SDKROOT; };
/* End PBXFileReference section */

/* Begin PBXFrameworksBuildPhase section */
		13B07F8C1A680F5B00A75B9A /* Frameworks */ = {
			isa = PBXFrameworksBuildPhase;
			buildActionMask = 2147483647;
			files = (
				0C80B921A6F3F58F76C31292 /* libPods-Psalmfod.a in Frameworks */,
			);
			runOnlyForDeploymentPostprocessing = 0;
		};
/* End PBXFrameworksBuildPhase section */

/* Begin PBXGroup section */
		13B07FAE1A68108700A75B9A /* Psalmfod */ = {
			isa = PBXGroup;
			children = (
				13B07FB51A68108700A75B9A /* Images.xcassets */,
				761780EC2CA45674006654EE /* AppDelegate.swift */,
				13B07FB61A68108700A75B9A /* Info.plist */,
				81AB9BB72411601600AC10FF /* LaunchScreen.storyboard */,
				13B07FB81A68108700A75B9A /* PrivacyInfo.xcprivacy */,
				BC221E4E2E206AA600AF4EC2 /* Psalmfod-Bridging-Header.h */,
			);
			name = Psalmfod;
			sourceTree = "<group>";
		};
		2D16E6871FA4F8E400B85C8A /* Frameworks */ = {
			isa = PBXGroup;
			children = (
				ED297162215061F000B7C4FE /* JavaScriptCore.framework */,
				5DCACB8F33CDC322A6C60F78 /* libPods-Psalmfod.a */,
			);
			name = Frameworks;
			sourceTree = "<group>";
		};
		832341AE1AAA6A7D00B99B32 /* Libraries */ = {
			isa = PBXGroup;
			children = (
			);
			name = Libraries;
			sourceTree = "<group>";
		};
		83CBB9F61A601CBA00E9B192 = {
			isa = PBXGroup;
			children = (
				BC221E4F2E20EB1600AF4EC2 /* psalmfod splash bg5.png */,
				BC221E482E20681B00AF4EC2 /* psalms logo.png */,
				13B07FAE1A68108700A75B9A /* Psalmfod */,
				832341AE1AAA6A7D00B99B32 /* Libraries */,
				83CBBA001A601CBA00E9B192 /* Products */,
				2D16E6871FA4F8E400B85C8A /* Frameworks */,
				BBD78D7AC51CEA395F1C20DB /* Pods */,
				C3A45B4CCC6D4A6DB88CB2F9 /* Resources */,
			);
			indentWidth = 2;
			sourceTree = "<group>";
			tabWidth = 2;
			usesTabs = 0;
		};
		83CBBA001A601CBA00E9B192 /* Products */ = {
			isa = PBXGroup;
			children = (
				13B07F961A680F5B00A75B9A /* Psalmfod.app */,
			);
			name = Products;
			sourceTree = "<group>";
		};
		BBD78D7AC51CEA395F1C20DB /* Pods */ = {
			isa = PBXGroup;
			children = (
				3B4392A12AC88292D35C810B /* Pods-Psalmfod.debug.xcconfig */,
				5709B34CF0A7D63546082F79 /* Pods-Psalmfod.release.xcconfig */,
			);
			path = Pods;
			sourceTree = "<group>";
		};
		C3A45B4CCC6D4A6DB88CB2F9 /* Resources */ = {
			isa = PBXGroup;
			children = (
				314D9AACCA6B48229BD4C2F7 /* FKGroteskNeueTrial-Black-BF6576818b4c472.otf */,
				CFADA5A33A454B2B87B8F686 /* FKGroteskNeueTrial-BlackItalic-BF6576818becb0d.otf */,
				08C4773D4BA84FC68E7E415D /* FKGroteskNeueTrial-Bold-BF6576818bd3700.otf */,
				42B08B1744754F888B8BFB7F /* FKGroteskNeueTrial-BoldItalic-BF6576818c39d11.otf */,
				88482520FF774A27807E60EE /* FKGroteskNeueTrial-Italic-BF6576818c041e2.otf */,
				EB78FE2B640F49969BF88FF7 /* FKGroteskNeueTrial-Light-BF6576818c0f3e8.otf */,
				BBD209ABD48C4A65B7406BD7 /* FKGroteskNeueTrial-LightItalic-BF6576818c3183c.otf */,
				543DC6306C5B4C4DB5B93653 /* FKGroteskNeueTrial-Medium-BF6576818c3a00a.otf */,
				10610CE4A80F4266B13742A5 /* FKGroteskNeueTrial-MediumItalic-BF6576818c2aaf8.otf */,
				DE7A53A4379B40DC8200A8AF /* FKGroteskNeueTrial-Regular-BF6576818c3af74.otf */,
				2CE715B902614483A7DE475F /* FKGroteskNeueTrial-Thin-BF6576818c2a14c.otf */,
				E5116ACBCF214D4FB62FB0B5 /* FKGroteskNeueTrial-ThinItalic-BF6576818c5cbd8.otf */,
			);
			name = Resources;
			path = "";
			sourceTree = "<group>";
		};
/* End PBXGroup section */

/* Begin PBXNativeTarget section */
		13B07F861A680F5B00A75B9A /* Psalmfod */ = {
			isa = PBXNativeTarget;
			buildConfigurationList = 13B07F931A680F5B00A75B9A /* Build configuration list for PBXNativeTarget "Psalmfod" */;
			buildPhases = (
				C38B50BA6285516D6DCD4F65 /* [CP] Check Pods Manifest.lock */,
				13B07F871A680F5B00A75B9A /* Sources */,
				13B07F8C1A680F5B00A75B9A /* Frameworks */,
				13B07F8E1A680F5B00A75B9A /* Resources */,
				00DD1BFF1BD5951E006B06BC /* Bundle React Native code and images */,
				00EEFC60759A1932668264C0 /* [CP] Embed Pods Frameworks */,
				E235C05ADACE081382539298 /* [CP] Copy Pods Resources */,
			);
			buildRules = (
			);
			dependencies = (
			);
			name = Psalmfod;
			productName = Psalmfod;
			productReference = 13B07F961A680F5B00A75B9A /* Psalmfod.app */;
			productType = "com.apple.product-type.application";
		};
/* End PBXNativeTarget section */

/* Begin PBXProject section */
		83CBB9F71A601CBA00E9B192 /* Project object */ = {
			isa = PBXProject;
			attributes = {
				LastUpgradeCheck = 1210;
				TargetAttributes = {
					13B07F861A680F5B00A75B9A = {
						LastSwiftMigration = 1120;
					};
				};
			};
			buildConfigurationList = 83CBB9FA1A601CBA00E9B192 /* Build configuration list for PBXProject "Psalmfod" */;
			compatibilityVersion = "Xcode 12.0";
			developmentRegion = en;
			hasScannedForEncodings = 0;
			knownRegions = (
				en,
				Base,
			);
			mainGroup = 83CBB9F61A601CBA00E9B192;
			productRefGroup = 83CBBA001A601CBA00E9B192 /* Products */;
			projectDirPath = "";
			projectRoot = "";
			targets = (
				13B07F861A680F5B00A75B9A /* Psalmfod */,
			);
		};
/* End PBXProject section */

/* Begin PBXResourcesBuildPhase section */
		13B07F8E1A680F5B00A75B9A /* Resources */ = {
			isa = PBXResourcesBuildPhase;
			buildActionMask = 2147483647;
			files = (
				BC221E502E20EB1600AF4EC2 /* psalmfod splash bg5.png in Resources */,
				81AB9BB82411601600AC10FF /* LaunchScreen.storyboard in Resources */,
				BC221E492E20681B00AF4EC2 /* psalms logo.png in Resources */,
				13B07FBF1A68108700A75B9A /* Images.xcassets in Resources */,
				FB78082D5DBE405C465A337C /* PrivacyInfo.xcprivacy in Resources */,
				8DCD273DF6044CE1BBC56279 /* FKGroteskNeueTrial-Black-BF6576818b4c472.otf in Resources */,
				5B27BA61A6B24A19B714794B /* FKGroteskNeueTrial-BlackItalic-BF6576818becb0d.otf in Resources */,
				0D10FD1EC56241A19775003F /* FKGroteskNeueTrial-Bold-BF6576818bd3700.otf in Resources */,
				F92BE83F1A7B42C083EBAF2D /* FKGroteskNeueTrial-BoldItalic-BF6576818c39d11.otf in Resources */,
				9B7221A57300412482B116C2 /* FKGroteskNeueTrial-Italic-BF6576818c041e2.otf in Resources */,
				8A9F72047B944714928A5CE9 /* FKGroteskNeueTrial-Light-BF6576818c0f3e8.otf in Resources */,
				B1B0A65BE2CB4EAABE9740A3 /* FKGroteskNeueTrial-LightItalic-BF6576818c3183c.otf in Resources */,
				48CA8F20560C4DFCB16DDB43 /* FKGroteskNeueTrial-Medium-BF6576818c3a00a.otf in Resources */,
				D99259EDD01C487FBFB1D157 /* FKGroteskNeueTrial-MediumItalic-BF6576818c2aaf8.otf in Resources */,
				FF7DEA12C4F94197AF6D809E /* FKGroteskNeueTrial-Regular-BF6576818c3af74.otf in Resources */,
				45E8A5E14CAF49DF906A2442 /* FKGroteskNeueTrial-Thin-BF6576818c2a14c.otf in Resources */,
				E8B69C8AFD474F329493842E /* FKGroteskNeueTrial-ThinItalic-BF6576818c5cbd8.otf in Resources */,
			);
			runOnlyForDeploymentPostprocessing = 0;
		};
/* End PBXResourcesBuildPhase section */

/* Begin PBXShellScriptBuildPhase section */
		00DD1BFF1BD5951E006B06BC /* Bundle React Native code and images */ = {
			isa = PBXShellScriptBuildPhase;
			buildActionMask = 2147483647;
			files = (
			);
			inputPaths = (
				"$(SRCROOT)/.xcode.env.local",
				"$(SRCROOT)/.xcode.env",
			);
			name = "Bundle React Native code and images";
			outputPaths = (
			);
			runOnlyForDeploymentPostprocessing = 0;
			shellPath = /bin/sh;
			shellScript = "set -e\n\nWITH_ENVIRONMENT=\"$REACT_NATIVE_PATH/scripts/xcode/with-environment.sh\"\nREACT_NATIVE_XCODE=\"$REACT_NATIVE_PATH/scripts/react-native-xcode.sh\"\n\n/bin/sh -c \"$WITH_ENVIRONMENT $REACT_NATIVE_XCODE\"\n";
		};
		00EEFC60759A1932668264C0 /* [CP] Embed Pods Frameworks */ = {
			isa = PBXShellScriptBuildPhase;
			buildActionMask = 2147483647;
			files = (
			);
			inputFileListPaths = (
				"${PODS_ROOT}/Target Support Files/Pods-Psalmfod/Pods-Psalmfod-frameworks-${CONFIGURATION}-input-files.xcfilelist",
			);
			name = "[CP] Embed Pods Frameworks";
			outputFileListPaths = (
				"${PODS_ROOT}/Target Support Files/Pods-Psalmfod/Pods-Psalmfod-frameworks-${CONFIGURATION}-output-files.xcfilelist",
			);
			runOnlyForDeploymentPostprocessing = 0;
			shellPath = /bin/sh;
			shellScript = "\"${PODS_ROOT}/Target Support Files/Pods-Psalmfod/Pods-Psalmfod-frameworks.sh\"\n";
			showEnvVarsInLog = 0;
		};
		C38B50BA6285516D6DCD4F65 /* [CP] Check Pods Manifest.lock */ = {
			isa = PBXShellScriptBuildPhase;
			buildActionMask = 2147483647;
			files = (
			);
			inputFileListPaths = (
			);
			inputPaths = (
				"${PODS_PODFILE_DIR_PATH}/Podfile.lock",
				"${PODS_ROOT}/Manifest.lock",
			);
			name = "[CP] Check Pods Manifest.lock";
			outputFileListPaths = (
			);
			outputPaths = (
				"$(DERIVED_FILE_DIR)/Pods-Psalmfod-checkManifestLockResult.txt",
			);
			runOnlyForDeploymentPostprocessing = 0;
			shellPath = /bin/sh;
			shellScript = "diff \"${PODS_PODFILE_DIR_PATH}/Podfile.lock\" \"${PODS_ROOT}/Manifest.lock\" > /dev/null\nif [ $? != 0 ] ; then\n    # print error to STDERR\n    echo \"error: The sandbox is not in sync with the Podfile.lock. Run 'pod install' or update your CocoaPods installation.\" >&2\n    exit 1\nfi\n# This output is used by Xcode 'outputs' to avoid re-running this script phase.\necho \"SUCCESS\" > \"${SCRIPT_OUTPUT_FILE_0}\"\n";
			showEnvVarsInLog = 0;
		};
		E235C05ADACE081382539298 /* [CP] Copy Pods Resources */ = {
			isa = PBXShellScriptBuildPhase;
			buildActionMask = 2147483647;
			files = (
			);
			inputFileListPaths = (
				"${PODS_ROOT}/Target Support Files/Pods-Psalmfod/Pods-Psalmfod-resources-${CONFIGURATION}-input-files.xcfilelist",
			);
			name = "[CP] Copy Pods Resources";
			outputFileListPaths = (
				"${PODS_ROOT}/Target Support Files/Pods-Psalmfod/Pods-Psalmfod-resources-${CONFIGURATION}-output-files.xcfilelist",
			);
			runOnlyForDeploymentPostprocessing = 0;
			shellPath = /bin/sh;
			shellScript = "\"${PODS_ROOT}/Target Support Files/Pods-Psalmfod/Pods-Psalmfod-resources.sh\"\n";
			showEnvVarsInLog = 0;
		};
/* End PBXShellScriptBuildPhase section */

/* Begin PBXSourcesBuildPhase section */
		13B07F871A680F5B00A75B9A /* Sources */ = {
			isa = PBXSourcesBuildPhase;
			buildActionMask = 2147483647;
			files = (
				761780ED2CA45674006654EE /* AppDelegate.swift in Sources */,
			);
			runOnlyForDeploymentPostprocessing = 0;
		};
/* End PBXSourcesBuildPhase section */

/* Begin XCBuildConfiguration section */
		13B07F941A680F5B00A75B9A /* Debug */ = {
			isa = XCBuildConfiguration;
			baseConfigurationReference = 3B4392A12AC88292D35C810B /* Pods-Psalmfod.debug.xcconfig */;
			buildSettings = {
				ASSETCATALOG_COMPILER_APPICON_NAME = AppIcon;
				CLANG_ENABLE_MODULES = YES;
				CURRENT_PROJECT_VERSION = 1;
				DEVELOPMENT_TEAM = LZ7G2KT2U7;
				ENABLE_BITCODE = NO;
				INFOPLIST_FILE = Psalmfod/Info.plist;
				IPHONEOS_DEPLOYMENT_TARGET = 15.1;
				LD_RUNPATH_SEARCH_PATHS = (
					"$(inherited)",
					"@executable_path/Frameworks",
				);
				MARKETING_VERSION = 1.0;
				OTHER_LDFLAGS = (
					"$(inherited)",
					"-ObjC",
					"-lc++",
				);
				PRODUCT_BUNDLE_IDENTIFIER = "org.reactjs.native.example.$(PRODUCT_NAME:rfc1034identifier)";
				PRODUCT_NAME = Psalmfod;
				SWIFT_OBJC_BRIDGING_HEADER = "Psalmfod-Bridging-Header.h";
				SWIFT_OPTIMIZATION_LEVEL = "-Onone";
				SWIFT_VERSION = 5.0;
				VERSIONING_SYSTEM = "apple-generic";
			};
			name = Debug;
		};
		13B07F951A680F5B00A75B9A /* Release */ = {
			isa = XCBuildConfiguration;
			baseConfigurationReference = 5709B34CF0A7D63546082F79 /* Pods-Psalmfod.release.xcconfig */;
			buildSettings = {
				ASSETCATALOG_COMPILER_APPICON_NAME = AppIcon;
				CLANG_ENABLE_MODULES = YES;
				CURRENT_PROJECT_VERSION = 1;
				DEVELOPMENT_TEAM = LZ7G2KT2U7;
				INFOPLIST_FILE = Psalmfod/Info.plist;
				IPHONEOS_DEPLOYMENT_TARGET = 15.1;
				LD_RUNPATH_SEARCH_PATHS = (
					"$(inherited)",
					"@executable_path/Frameworks",
				);
				MARKETING_VERSION = 1.0;
				OTHER_LDFLAGS = (
					"$(inherited)",
					"-ObjC",
					"-lc++",
				);
				PRODUCT_BUNDLE_IDENTIFIER = "org.reactjs.native.example.$(PRODUCT_NAME:rfc1034identifier)";
				PRODUCT_NAME = Psalmfod;
				SWIFT_OBJC_BRIDGING_HEADER = "Psalmfod-Bridging-Header.h";
				SWIFT_VERSION = 5.0;
				VERSIONING_SYSTEM = "apple-generic";
			};
			name = Release;
		};
		83CBBA201A601CBA00E9B192 /* Debug */ = {
			isa = XCBuildConfiguration;
			buildSettings = {
				ALWAYS_SEARCH_USER_PATHS = NO;
				CLANG_ANALYZER_LOCALIZABILITY_NONLOCALIZED = YES;
				CLANG_CXX_LANGUAGE_STANDARD = "c++20";
				CLANG_CXX_LIBRARY = "libc++";
				CLANG_ENABLE_MODULES = YES;
				CLANG_ENABLE_OBJC_ARC = YES;
				CLANG_WARN_BLOCK_CAPTURE_AUTORELEASING = YES;
				CLANG_WARN_BOOL_CONVERSION = YES;
				CLANG_WARN_COMMA = YES;
				CLANG_WARN_CONSTANT_CONVERSION = YES;
				CLANG_WARN_DEPRECATED_OBJC_IMPLEMENTATIONS = YES;
				CLANG_WARN_DIRECT_OBJC_ISA_USAGE = YES_ERROR;
				CLANG_WARN_EMPTY_BODY = YES;
				CLANG_WARN_ENUM_CONVERSION = YES;
				CLANG_WARN_INFINITE_RECURSION = YES;
				CLANG_WARN_INT_CONVERSION = YES;
				CLANG_WARN_NON_LITERAL_NULL_CONVERSION = YES;
				CLANG_WARN_OBJC_IMPLICIT_RETAIN_SELF = YES;
				CLANG_WARN_OBJC_LITERAL_CONVERSION = YES;
				CLANG_WARN_OBJC_ROOT_CLASS = YES_ERROR;
				CLANG_WARN_QUOTED_INCLUDE_IN_FRAMEWORK_HEADER = YES;
				CLANG_WARN_RANGE_LOOP_ANALYSIS = YES;
				CLANG_WARN_STRICT_PROTOTYPES = YES;
				CLANG_WARN_SUSPICIOUS_MOVE = YES;
				CLANG_WARN_UNREACHABLE_CODE = YES;
				CLANG_WARN__DUPLICATE_METHOD_MATCH = YES;
				"CODE_SIGN_IDENTITY[sdk=iphoneos*]" = "iPhone Developer";
				COPY_PHASE_STRIP = NO;
				ENABLE_STRICT_OBJC_MSGSEND = YES;
				ENABLE_TESTABILITY = YES;
				"EXCLUDED_ARCHS[sdk=iphonesimulator*]" = "";
				GCC_C_LANGUAGE_STANDARD = gnu99;
				GCC_DYNAMIC_NO_PIC = NO;
				GCC_NO_COMMON_BLOCKS = YES;
				GCC_OPTIMIZATION_LEVEL = 0;
				GCC_PREPROCESSOR_DEFINITIONS = (
					"DEBUG=1",
					"$(inherited)",
				);
				GCC_SYMBOLS_PRIVATE_EXTERN = NO;
				GCC_WARN_64_TO_32_BIT_CONVERSION = YES;
				GCC_WARN_ABOUT_RETURN_TYPE = YES_ERROR;
				GCC_WARN_UNDECLARED_SELECTOR = YES;
				GCC_WARN_UNINITIALIZED_AUTOS = YES_AGGRESSIVE;
				GCC_WARN_UNUSED_FUNCTION = YES;
				GCC_WARN_UNUSED_VARIABLE = YES;
				IPHONEOS_DEPLOYMENT_TARGET = 15.1;
				LD_RUNPATH_SEARCH_PATHS = (
					/usr/lib/swift,
					"$(inherited)",
				);
				LIBRARY_SEARCH_PATHS = (
					"\"$(SDKROOT)/usr/lib/swift\"",
					"\"$(TOOLCHAIN_DIR)/usr/lib/swift/$(PLATFORM_NAME)\"",
					"\"$(inherited)\"",
				);
				MTL_ENABLE_DEBUG_INFO = YES;
				ONLY_ACTIVE_ARCH = YES;
				OTHER_CPLUSPLUSFLAGS = (
					"$(OTHER_CFLAGS)",
					"-DFOLLY_NO_CONFIG",
					"-DFOLLY_MOBILE=1",
					"-DFOLLY_USE_LIBCPP=1",
					"-DFOLLY_CFG_NO_COROUTINES=1",
					"-DFOLLY_HAVE_CLOCK_GETTIME=1",
				);
				OTHER_LDFLAGS = (
					"$(inherited)",
					" ",
				);
				REACT_NATIVE_PATH = "${PODS_ROOT}/../../node_modules/react-native";
				SDKROOT = iphoneos;
				SWIFT_ACTIVE_COMPILATION_CONDITIONS = "$(inherited) DEBUG";
				USE_HERMES = true;
			};
			name = Debug;
		};
		83CBBA211A601CBA00E9B192 /* Release */ = {
			isa = XCBuildConfiguration;
			buildSettings = {
				ALWAYS_SEARCH_USER_PATHS = NO;
				CLANG_ANALYZER_LOCALIZABILITY_NONLOCALIZED = YES;
				CLANG_CXX_LANGUAGE_STANDARD = "c++20";
				CLANG_CXX_LIBRARY = "libc++";
				CLANG_ENABLE_MODULES = YES;
				CLANG_ENABLE_OBJC_ARC = YES;
				CLANG_WARN_BLOCK_CAPTURE_AUTORELEASING = YES;
				CLANG_WARN_BOOL_CONVERSION = YES;
				CLANG_WARN_COMMA = YES;
				CLANG_WARN_CONSTANT_CONVERSION = YES;
				CLANG_WARN_DEPRECATED_OBJC_IMPLEMENTATIONS = YES;
				CLANG_WARN_DIRECT_OBJC_ISA_USAGE = YES_ERROR;
				CLANG_WARN_EMPTY_BODY = YES;
				CLANG_WARN_ENUM_CONVERSION = YES;
				CLANG_WARN_INFINITE_RECURSION = YES;
				CLANG_WARN_INT_CONVERSION = YES;
				CLANG_WARN_NON_LITERAL_NULL_CONVERSION = YES;
				CLANG_WARN_OBJC_IMPLICIT_RETAIN_SELF = YES;
				CLANG_WARN_OBJC_LITERAL_CONVERSION = YES;
				CLANG_WARN_OBJC_ROOT_CLASS = YES_ERROR;
				CLANG_WARN_QUOTED_INCLUDE_IN_FRAMEWORK_HEADER = YES;
				CLANG_WARN_RANGE_LOOP_ANALYSIS = YES;
				CLANG_WARN_STRICT_PROTOTYPES = YES;
				CLANG_WARN_SUSPICIOUS_MOVE = YES;
				CLANG_WARN_UNREACHABLE_CODE = YES;
				CLANG_WARN__DUPLICATE_METHOD_MATCH = YES;
				"CODE_SIGN_IDENTITY[sdk=iphoneos*]" = "iPhone Developer";
				COPY_PHASE_STRIP = YES;
				ENABLE_NS_ASSERTIONS = NO;
				ENABLE_STRICT_OBJC_MSGSEND = YES;
				"EXCLUDED_ARCHS[sdk=iphonesimulator*]" = "";
				GCC_C_LANGUAGE_STANDARD = gnu99;
				GCC_NO_COMMON_BLOCKS = YES;
				GCC_WARN_64_TO_32_BIT_CONVERSION = YES;
				GCC_WARN_ABOUT_RETURN_TYPE = YES_ERROR;
				GCC_WARN_UNDECLARED_SELECTOR = YES;
				GCC_WARN_UNINITIALIZED_AUTOS = YES_AGGRESSIVE;
				GCC_WARN_UNUSED_FUNCTION = YES;
				GCC_WARN_UNUSED_VARIABLE = YES;
				IPHONEOS_DEPLOYMENT_TARGET = 15.1;
				LD_RUNPATH_SEARCH_PATHS = (
					/usr/lib/swift,
					"$(inherited)",
				);
				LIBRARY_SEARCH_PATHS = (
					"\"$(SDKROOT)/usr/lib/swift\"",
					"\"$(TOOLCHAIN_DIR)/usr/lib/swift/$(PLATFORM_NAME)\"",
					"\"$(inherited)\"",
				);
				MTL_ENABLE_DEBUG_INFO = NO;
				OTHER_CPLUSPLUSFLAGS = (
					"$(OTHER_CFLAGS)",
					"-DFOLLY_NO_CONFIG",
					"-DFOLLY_MOBILE=1",
					"-DFOLLY_USE_LIBCPP=1",
					"-DFOLLY_CFG_NO_COROUTINES=1",
					"-DFOLLY_HAVE_CLOCK_GETTIME=1",
				);
				OTHER_LDFLAGS = (
					"$(inherited)",
					" ",
				);
				REACT_NATIVE_PATH = "${PODS_ROOT}/../../node_modules/react-native";
				SDKROOT = iphoneos;
				USE_HERMES = true;
				VALIDATE_PRODUCT = YES;
			};
			name = Release;
		};
/* End XCBuildConfiguration section */

/* Begin XCConfigurationList section */
		13B07F931A680F5B00A75B9A /* Build configuration list for PBXNativeTarget "Psalmfod" */ = {
			isa = XCConfigurationList;
			buildConfigurations = (
				13B07F941A680F5B00A75B9A /* Debug */,
				13B07F951A680F5B00A75B9A /* Release */,
			);
			defaultConfigurationIsVisible = 0;
			defaultConfigurationName = Release;
		};
		83CBB9FA1A601CBA00E9B192 /* Build configuration list for PBXProject "Psalmfod" */ = {
			isa = XCConfigurationList;
			buildConfigurations = (
				83CBBA201A601CBA00E9B192 /* Debug */,
				83CBBA211A601CBA00E9B192 /* Release */,
			);
			defaultConfigurationIsVisible = 0;
			defaultConfigurationName = Release;
		};
/* End XCConfigurationList section */
	};
	rootObject = 83CBB9F71A601CBA00E9B192 /* Project object */;
}
